{
    "version": 3,
    "terraform_version": "0.7.0",
    "serial": 64,
    "lineage": "a014c5b3-0c3c-4aca-9c32-579ca771edb2",
    "modules": [
        {
            "path": [
                "root"
            ],
            "outputs": {},
            "resources": {
                "aws_elb.ec2_elb-Elastica": {
                    "type": "aws_elb",
                    "depends_on": [
                        "aws_security_group.sg-ec2-elb-elastica",
                        "aws_security_group.sg-ec2-elb-pubAccess"
                    ],
                    "primary": {
                        "id": "ec2-elb-Elastica",
                        "attributes": {
                            "access_logs.#": "0",
                            "availability_zones.#": "3",
                            "availability_zones.1924028850": "eu-west-1b",
                            "availability_zones.3953592328": "eu-west-1a",
                            "availability_zones.94988580": "eu-west-1c",
                            "connection_draining": "true",
                            "connection_draining_timeout": "300",
                            "cross_zone_load_balancing": "true",
                            "dns_name": "ec2-elb-Elastica-1399962598.eu-west-1.elb.amazonaws.com",
                            "health_check.#": "1",
                            "health_check.0.healthy_threshold": "3",
                            "health_check.0.interval": "5",
                            "health_check.0.target": "HTTP:9200/",
                            "health_check.0.timeout": "2",
                            "health_check.0.unhealthy_threshold": "2",
                            "id": "ec2-elb-Elastica",
                            "idle_timeout": "300",
                            "instances.#": "0",
                            "internal": "false",
                            "listener.#": "1",
                            "listener.1661633718.instance_port": "9200",
                            "listener.1661633718.instance_protocol": "http",
                            "listener.1661633718.lb_port": "9200",
                            "listener.1661633718.lb_protocol": "http",
                            "listener.1661633718.ssl_certificate_id": "",
                            "name": "ec2-elb-Elastica",
                            "security_groups.#": "2",
                            "security_groups.3911175299": "sg-772e0d10",
                            "security_groups.946861985": "sg-762e0d11",
                            "source_security_group": "547013329349/VPC:SG:EC2:ELB:Elastica",
                            "source_security_group_id": "sg-772e0d10",
                            "subnets.#": "3",
                            "subnets.2312776479": "subnet-ae0af8ca",
                            "subnets.3535651253": "subnet-a7061cd0",
                            "subnets.3577792538": "subnet-924371cb",
                            "tags.%": "1",
                            "tags.Name": "ec2-elb-Elastica",
                            "zone_id": "Z32O12XQLNTSW2"
                        }
                    }
                },
                "aws_elb_attachment.elastica-elb_attach-ec2_instace-X": {
                    "type": "aws_elb_attachment",
                    "depends_on": [
                        "aws_elb.ec2_elb-Elastica",
                        "aws_instance.terraform-ec2_instance-X"
                    ],
                    "primary": {
                        "id": "ec2-elb-Elastica-myvg3bxjgjdgtbun6qs33ogwry",
                        "attributes": {
                            "elb": "ec2-elb-Elastica",
                            "id": "ec2-elb-Elastica-myvg3bxjgjdgtbun6qs33ogwry",
                            "instance": "i-0fdbf7f2d7d7e743b"
                        }
                    }
                },
                "aws_instance.terraform-ec2_instance-X": {
                    "type": "aws_instance",
                    "depends_on": [
                        "aws_key_pair.elasticaEC2Admin",
                        "aws_security_group.sg-ec2-instances-elastica",
                        "template_file.elastica-cluster"
                    ],
                    "primary": {
                        "id": "i-0fdbf7f2d7d7e743b",
                        "attributes": {
                            "ami": "ami-7abd0209",
                            "availability_zone": "eu-west-1b",
                            "disable_api_termination": "false",
                            "ebs_block_device.#": "0",
                            "ebs_optimized": "false",
                            "ephemeral_block_device.#": "0",
                            "iam_instance_profile": "",
                            "id": "i-0fdbf7f2d7d7e743b",
                            "instance_state": "running",
                            "instance_type": "t2.micro",
                            "key_name": "elasticaEC2Admin",
                            "monitoring": "false",
                            "network_interface_id": "eni-3efb4961",
                            "private_dns": "ip-172-31-43-129.eu-west-1.compute.internal",
                            "private_ip": "172.31.43.129",
                            "public_dns": "ec2-52-31-39-189.eu-west-1.compute.amazonaws.com",
                            "public_ip": "52.31.39.189",
                            "root_block_device.#": "1",
                            "root_block_device.0.delete_on_termination": "true",
                            "root_block_device.0.iops": "100",
                            "root_block_device.0.volume_size": "10",
                            "root_block_device.0.volume_type": "gp2",
                            "security_groups.#": "0",
                            "source_dest_check": "true",
                            "subnet_id": "subnet-924371cb",
                            "tags.%": "1",
                            "tags.Name": "TerraForm Node X",
                            "tenancy": "default",
                            "user_data": "2619498792df7c34935dd8f8fd5ca5850730d00c",
                            "vpc_security_group_ids.#": "1",
                            "vpc_security_group_ids.440216713": "sg-732e0d14"
                        },
                        "meta": {
                            "schema_version": "1"
                        }
                    }
                },
                "aws_key_pair.elasticaEC2Admin": {
                    "type": "aws_key_pair",
                    "primary": {
                        "id": "elasticaEC2Admin",
                        "attributes": {
                            "id": "elasticaEC2Admin",
                            "key_name": "elasticaEC2Admin",
                            "public_key": "ssh-rsa AAAAB3NzaC1yc2EAAAADAQABAAABAQCfmx/THkjaUzGybIiqupcamtVPF1y+jDXVP4I6mJVIteS8v4o37eN5uDpyf5WCd7ywKr43hwvjA72iRGIH1inV+kt6yGH1eDK5+Dy6yL8iJphRQKfLN9HShHrV34/p4I4OHJUm03+EwcGKN5AQqfTlT77U83YIYl8KGWAxwxFrj2Hy1UbNtH8QmbfNWPxNX4Nf2Te0RiP6RWjA/lFw+jxmUoaIKz26LNOt4+wQlksmJMqcMEYwUsJ+VnWmHWBf6nb1Q3emZWKQI4BFqFiWPdUC8BX+tqLM5ff/uW+oMjeYBFQRcyN1HB3PJ76eUvduwrDr9t0QFXkGQzaxse1p8QEx root@ip-172-31-31-115"
                        },
                        "meta": {
                            "schema_version": "1"
                        }
                    }
                },
                "aws_security_group.sg-ec2-elb-elastica": {
                    "type": "aws_security_group",
                    "primary": {
                        "id": "sg-772e0d10",
                        "attributes": {
                            "description": "Security Group attached to Elastica EC2 ELBs",
                            "egress.#": "0",
                            "id": "sg-772e0d10",
                            "ingress.#": "0",
                            "name": "VPC:SG:EC2:ELB:Elastica",
                            "owner_id": "547013329349",
                            "tags.%": "0",
                            "vpc_id": "vpc-a66a61c3"
                        }
                    }
                },
                "aws_security_group.sg-ec2-elb-pubAccess": {
                    "type": "aws_security_group",
                    "primary": {
                        "id": "sg-762e0d11",
                        "attributes": {
                            "description": "Control Public Access to EC2-ELB",
                            "egress.#": "1",
                            "egress.482069346.cidr_blocks.#": "1",
                            "egress.482069346.cidr_blocks.0": "0.0.0.0/0",
                            "egress.482069346.from_port": "0",
                            "egress.482069346.prefix_list_ids.#": "0",
                            "egress.482069346.protocol": "-1",
                            "egress.482069346.security_groups.#": "0",
                            "egress.482069346.self": "false",
                            "egress.482069346.to_port": "0",
                            "id": "sg-762e0d11",
                            "ingress.#": "1",
                            "ingress.2500694996.cidr_blocks.#": "1",
                            "ingress.2500694996.cidr_blocks.0": "0.0.0.0/0",
                            "ingress.2500694996.from_port": "9200",
                            "ingress.2500694996.protocol": "tcp",
                            "ingress.2500694996.security_groups.#": "0",
                            "ingress.2500694996.self": "false",
                            "ingress.2500694996.to_port": "9200",
                            "name": "VPC:SG:EC2:ELB:PublicAccess",
                            "owner_id": "547013329349",
                            "tags.%": "0",
                            "vpc_id": "vpc-a66a61c3"
                        }
                    }
                },
                "aws_security_group.sg-ec2-instances-elastica": {
                    "type": "aws_security_group",
                    "depends_on": [
                        "aws_security_group.sg-ec2-elb-elastica"
                    ],
                    "primary": {
                        "id": "sg-732e0d14",
                        "attributes": {
                            "description": "Security Group attached to Elastica EC2 Instances",
                            "egress.#": "1",
                            "egress.482069346.cidr_blocks.#": "1",
                            "egress.482069346.cidr_blocks.0": "0.0.0.0/0",
                            "egress.482069346.from_port": "0",
                            "egress.482069346.prefix_list_ids.#": "0",
                            "egress.482069346.protocol": "-1",
                            "egress.482069346.security_groups.#": "0",
                            "egress.482069346.self": "false",
                            "egress.482069346.to_port": "0",
                            "id": "sg-732e0d14",
                            "ingress.#": "2",
                            "ingress.2541437006.cidr_blocks.#": "1",
                            "ingress.2541437006.cidr_blocks.0": "0.0.0.0/0",
                            "ingress.2541437006.from_port": "22",
                            "ingress.2541437006.protocol": "tcp",
                            "ingress.2541437006.security_groups.#": "0",
                            "ingress.2541437006.self": "false",
                            "ingress.2541437006.to_port": "22",
                            "ingress.717371356.cidr_blocks.#": "0",
                            "ingress.717371356.from_port": "9200",
                            "ingress.717371356.protocol": "tcp",
                            "ingress.717371356.security_groups.#": "1",
                            "ingress.717371356.security_groups.3911175299": "sg-772e0d10",
                            "ingress.717371356.self": "false",
                            "ingress.717371356.to_port": "9200",
                            "name": "VPC:SG:EC2:Instances:ElasticaNodes",
                            "owner_id": "547013329349",
                            "tags.%": "0",
                            "vpc_id": "vpc-a66a61c3"
                        }
                    }
                },
                "template_file.elastica-cluster": {
                    "type": "template_file",
                    "depends_on": [
                        "aws_security_group.sg-ec2-instances-elastica"
                    ],
                    "primary": {
                        "id": "2a89561b333667c8a13e751ce8baea8c3a4532363c8164059315f55b25206cd2",
                        "attributes": {
                            "id": "2a89561b333667c8a13e751ce8baea8c3a4532363c8164059315f55b25206cd2",
                            "rendered": "#!/bin/bash -v\n\nES_NODE_NAME=$(curl -s http://169.254.169.254/latest/meta-data/instance-id)\nif [ -z \"$ES_NODE_NAME\" ]; then\n  ES_NODE_NAME=$(hostname)\nfi\n\nyum clean all\nyum update -y\n\nrpm -Uvh https://dl.fedoraproject.org/pub/epel/epel-release-latest-7.noarch.rpm\nrpm -Uvh https://centos7.iuscommunity.org/ius-release.rpm\n\nyum -y install yum-priorities\nsed -i \"7i priority=10\" /etc/yum.repos.d/epel.repo\n\nyum -y update\n\nyum -y groupinstall 'Development Tools'\n\ntouch /etc/sysconfig/clock\necho \"ZONE=\\\"Europe/London\\\"\" \u003e\u003e /etc/sysconfig/clock\nln -sf /usr/share/zoneinfo/Europe/London /etc/localtime\n\nyum -y install ntp\nsystemctl enable ntpd.service\nsystemctl start ntpd.service\n\nyes | cp -f /etc/ntp.conf /etc/ntp.conf.original\nsed -i -e 's/0.centos.pool.ntp.org/time1.google.com/g' /etc/ntp.conf\nsed -i -e 's/1.centos.pool.ntp.org/time2.google.com/g' /etc/ntp.conf\nsed -i -e 's/2.centos.pool.ntp.org/time3.google.com/g' /etc/ntp.conf\nsed -i -e 's/3.centos.pool.ntp.org/time4.google.com/g' /etc/ntp.conf\nsystemctl restart ntpd.service\n\ndd if=/dev/zero of=/mnt/.swapfile bs=1M count=1024\nchown root:root /mnt/.swapfile\nchmod 600 /mnt/.swapfile\n\nmkswap /mnt/.swapfile\nswapon /mnt/.swapfile\nsh -c 'echo \"/mnt/.swapfile swap swap defaults 0 0\" \u003e\u003e /etc/fstab'\nswapon -a\n\nsed -i 's/SELINUX=enforcing/SELINUX=disabled/g' /etc/selinux/config\nsetenforce 0\n\nyum install -y java-1.8.0-openjdk*\n\nrpm -Uvh https://download.elastic.co/elasticsearch/release/org/elasticsearch/distribution/rpm/elasticsearch/2.3.5/elasticsearch-2.3.5.rpm\n\nsystemctl enable elasticsearch.service\nsystemctl start elasticsearch.service\n\nsudo yes|/usr/share/elasticsearch/bin/plugin install cloud-aws\nservice elasticsearch restart\n\n\ncat \u003c\u003cEOT \u003e\u003e /etc/elasticsearch/elasticsearch.yml\n#\n# ----------------------------- my Configurations -----------------------------\n#\n\n# ---------------------------------- Cluster -----------------------------------\n#\ncluster.name: myElasticaCluster\n#\n# ------------------------------------ Node ------------------------------------\n#\nnode.name: $ES_NODE_NAME\nnode.max_local_storage_nodes: 1\n#\n# ----------------------------------- Paths ------------------------------------\n#\npath.conf: /etc/elasticsearch\npath.logs: /var/log/elasticsearch\n#\n# ----------------------------------- Memory -----------------------------------\n#\nbootstrap.mlockall: true\n#\n# ---------------------------------- Network -----------------------------------\n#\nnetwork.host: _ec2:privateIpv4_\nhttp.port: 9200\n#\n# ---------------------------------- Gateway -----------------------------------\n#\n#\n# --------------------------------- Discovery ----------------------------------\n#\ndiscovery.zen.ping.multicast.enabled: false\ndiscovery.zen.minimum_master_nodes: 2\n#\n# ---------------------------------- Various -----------------------------------\n#\naction.destructive_requires_name: true\ncloud.node.auto_attributes: true\n#\n# -------------------------- Custom Configuration --------------------------\n#\ncloud.aws.region: eu-west-1\ncloud.aws.access_key: AKIAIEZ364AXBFVDT4SQ\ncloud.aws.secret_key: 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\ncluster.routing.allocation.awareness.attributes: aws_availability_zone\ncluster.routing.allocation.awareness.force.zone.values: [\"eu-west-1a\", \"eu-west-1b\", \"eu-west-1c\"]\ndiscovery.ec2.availability_zones: [\"eu-west-1a\", \"eu-west-1b\", \"eu-west-1c\"]\ndiscovery.ec2.groups: [\"sg-732e0d14\"]\ndiscovery.ec2.host_type: private_ip\ndiscovery.ec2.ping_timeout: 3s\n \n# https://www.elastic.co/guide/en/elasticsearch/plugins/current/cloud-aws-discovery.html#cloud-aws-discovery-filtering\ndiscovery.ec2.tag.es_cluster: myElasticaCluster\n\ndiscovery.type: ec2\nplugin.madatory: cloud-aws\n\nEOT\n\nservice elasticsearch restart\n",
                            "template": "#!/bin/bash -v\n\nES_NODE_NAME=$(curl -s http://169.254.169.254/latest/meta-data/instance-id)\nif [ -z \"$ES_NODE_NAME\" ]; then\n  ES_NODE_NAME=$(hostname)\nfi\n\nyum clean all\nyum update -y\n\nrpm -Uvh https://dl.fedoraproject.org/pub/epel/epel-release-latest-7.noarch.rpm\nrpm -Uvh https://centos7.iuscommunity.org/ius-release.rpm\n\nyum -y install yum-priorities\nsed -i \"7i priority=10\" /etc/yum.repos.d/epel.repo\n\nyum -y update\n\nyum -y groupinstall 'Development Tools'\n\ntouch /etc/sysconfig/clock\necho \"ZONE=\\\"Europe/London\\\"\" \u003e\u003e /etc/sysconfig/clock\nln -sf /usr/share/zoneinfo/Europe/London /etc/localtime\n\nyum -y install ntp\nsystemctl enable ntpd.service\nsystemctl start ntpd.service\n\nyes | cp -f /etc/ntp.conf /etc/ntp.conf.original\nsed -i -e 's/0.centos.pool.ntp.org/time1.google.com/g' /etc/ntp.conf\nsed -i -e 's/1.centos.pool.ntp.org/time2.google.com/g' /etc/ntp.conf\nsed -i -e 's/2.centos.pool.ntp.org/time3.google.com/g' /etc/ntp.conf\nsed -i -e 's/3.centos.pool.ntp.org/time4.google.com/g' /etc/ntp.conf\nsystemctl restart ntpd.service\n\ndd if=/dev/zero of=/mnt/.swapfile bs=1M count=1024\nchown root:root /mnt/.swapfile\nchmod 600 /mnt/.swapfile\n\nmkswap /mnt/.swapfile\nswapon /mnt/.swapfile\nsh -c 'echo \"/mnt/.swapfile swap swap defaults 0 0\" \u003e\u003e /etc/fstab'\nswapon -a\n\nsed -i 's/SELINUX=enforcing/SELINUX=disabled/g' /etc/selinux/config\nsetenforce 0\n\nyum install -y java-1.8.0-openjdk*\n\nrpm -Uvh https://download.elastic.co/elasticsearch/release/org/elasticsearch/distribution/rpm/elasticsearch/2.3.5/elasticsearch-2.3.5.rpm\n\nsystemctl enable elasticsearch.service\nsystemctl start elasticsearch.service\n\nsudo yes|/usr/share/elasticsearch/bin/plugin install cloud-aws\nservice elasticsearch restart\n\n\ncat \u003c\u003cEOT \u003e\u003e /etc/elasticsearch/elasticsearch.yml\n#\n# ----------------------------- my Configurations -----------------------------\n#\n\n# ---------------------------------- Cluster -----------------------------------\n#\ncluster.name: ${es_cluster_name}\n#\n# ------------------------------------ Node ------------------------------------\n#\nnode.name: $ES_NODE_NAME\nnode.max_local_storage_nodes: 1\n#\n# ----------------------------------- Paths ------------------------------------\n#\npath.conf: /etc/elasticsearch\npath.logs: /var/log/elasticsearch\n#\n# ----------------------------------- Memory -----------------------------------\n#\nbootstrap.mlockall: true\n#\n# ---------------------------------- Network -----------------------------------\n#\nnetwork.host: _ec2:privateIpv4_\nhttp.port: 9200\n#\n# ---------------------------------- Gateway -----------------------------------\n#\n#\n# --------------------------------- Discovery ----------------------------------\n#\ndiscovery.zen.ping.multicast.enabled: false\ndiscovery.zen.minimum_master_nodes: ${es_cluster_minimum_master_nodes}\n#\n# ---------------------------------- Various -----------------------------------\n#\naction.destructive_requires_name: true\ncloud.node.auto_attributes: true\n#\n# -------------------------- Custom Configuration --------------------------\n#\ncloud.aws.region: ${aws_region}\ncloud.aws.access_key: ${aws_access_key}\ncloud.aws.secret_key: ${aws_secret_key}\ncluster.routing.allocation.awareness.attributes: aws_availability_zone\ncluster.routing.allocation.awareness.force.zone.values: [\"eu-west-1a\", \"eu-west-1b\", \"eu-west-1c\"]\ndiscovery.ec2.availability_zones: [\"eu-west-1a\", \"eu-west-1b\", \"eu-west-1c\"]\ndiscovery.ec2.groups: [\"${aws_vpc_security_groups}\"]\ndiscovery.ec2.host_type: private_ip\ndiscovery.ec2.ping_timeout: 3s\n \n# https://www.elastic.co/guide/en/elasticsearch/plugins/current/cloud-aws-discovery.html#cloud-aws-discovery-filtering\ndiscovery.ec2.tag.es_cluster: ${es_cluster_name}\n\ndiscovery.type: ec2\nplugin.madatory: cloud-aws\n\nEOT\n\nservice elasticsearch restart\n",
                            "vars.%": "7",
                            "vars.aws_access_key": "AKIAIEZ364AXBFVDT4SQ",
                            "vars.aws_region": "eu-west-1",
                            "vars.aws_secret_key": "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",
                            "vars.aws_vpc_security_groups": "sg-732e0d14",
                            "vars.es_cluster_minimum_master_nodes": "2",
                            "vars.es_cluster_name": "myElasticaCluster",
                            "vars.es_cluster_number_of_replicas": "2"
                        }
                    }
                }
            }
        }
    ]
}
