{
    "version": 3,
    "terraform_version": "0.7.0",
    "serial": 70,
    "lineage": "a014c5b3-0c3c-4aca-9c32-579ca771edb2",
    "modules": [
        {
            "path": [
                "root"
            ],
            "outputs": {},
            "resources": {
                "aws_key_pair.elasticaEC2Admin": {
                    "type": "aws_key_pair",
                    "primary": {
                        "id": "elasticaEC2Admin",
                        "attributes": {
                            "id": "elasticaEC2Admin",
                            "key_name": "elasticaEC2Admin",
                            "public_key": "ssh-rsa AAAAB3NzaC1yc2EAAAADAQABAAABAQCfmx/THkjaUzGybIiqupcamtVPF1y+jDXVP4I6mJVIteS8v4o37eN5uDpyf5WCd7ywKr43hwvjA72iRGIH1inV+kt6yGH1eDK5+Dy6yL8iJphRQKfLN9HShHrV34/p4I4OHJUm03+EwcGKN5AQqfTlT77U83YIYl8KGWAxwxFrj2Hy1UbNtH8QmbfNWPxNX4Nf2Te0RiP6RWjA/lFw+jxmUoaIKz26LNOt4+wQlksmJMqcMEYwUsJ+VnWmHWBf6nb1Q3emZWKQI4BFqFiWPdUC8BX+tqLM5ff/uW+oMjeYBFQRcyN1HB3PJ76eUvduwrDr9t0QFXkGQzaxse1p8QEx root@ip-172-31-31-115"
                        },
                        "meta": {
                            "schema_version": "1"
                        }
                    }
                },
                "aws_security_group.sg-ec2-elb-elastica": {
                    "type": "aws_security_group",
                    "primary": {
                        "id": "sg-cd1c3faa",
                        "attributes": {
                            "description": "Security Group attached to Elastica EC2 ELBs",
                            "egress.#": "0",
                            "id": "sg-cd1c3faa",
                            "ingress.#": "0",
                            "name": "VPC:SG:EC2:ELB:Elastica",
                            "owner_id": "547013329349",
                            "tags.%": "0",
                            "vpc_id": "vpc-a66a61c3"
                        }
                    }
                },
                "aws_security_group.sg-ec2-elb-pubAccess": {
                    "type": "aws_security_group",
                    "primary": {
                        "id": "sg-ce1c3fa9",
                        "attributes": {
                            "description": "Control Public Access to EC2-ELB",
                            "egress.#": "1",
                            "egress.482069346.cidr_blocks.#": "1",
                            "egress.482069346.cidr_blocks.0": "0.0.0.0/0",
                            "egress.482069346.from_port": "0",
                            "egress.482069346.prefix_list_ids.#": "0",
                            "egress.482069346.protocol": "-1",
                            "egress.482069346.security_groups.#": "0",
                            "egress.482069346.self": "false",
                            "egress.482069346.to_port": "0",
                            "id": "sg-ce1c3fa9",
                            "ingress.#": "1",
                            "ingress.2500694996.cidr_blocks.#": "1",
                            "ingress.2500694996.cidr_blocks.0": "0.0.0.0/0",
                            "ingress.2500694996.from_port": "9200",
                            "ingress.2500694996.protocol": "tcp",
                            "ingress.2500694996.security_groups.#": "0",
                            "ingress.2500694996.self": "false",
                            "ingress.2500694996.to_port": "9200",
                            "name": "VPC:SG:EC2:ELB:PublicAccess",
                            "owner_id": "547013329349",
                            "tags.%": "0",
                            "vpc_id": "vpc-a66a61c3"
                        }
                    }
                },
                "aws_security_group.sg-ec2-instances-elastica": {
                    "type": "aws_security_group",
                    "depends_on": [
                        "aws_security_group.sg-ec2-elb-elastica"
                    ],
                    "primary": {
                        "id": "sg-cb1c3fac",
                        "attributes": {
                            "description": "Security Group attached to Elastica EC2 Instances",
                            "egress.#": "4",
                            "egress.1265039627.cidr_blocks.#": "0",
                            "egress.1265039627.from_port": "9300",
                            "egress.1265039627.prefix_list_ids.#": "0",
                            "egress.1265039627.protocol": "tcp",
                            "egress.1265039627.security_groups.#": "0",
                            "egress.1265039627.self": "true",
                            "egress.1265039627.to_port": "9300",
                            "egress.2040698479.cidr_blocks.#": "0",
                            "egress.2040698479.from_port": "9200",
                            "egress.2040698479.prefix_list_ids.#": "0",
                            "egress.2040698479.protocol": "tcp",
                            "egress.2040698479.security_groups.#": "0",
                            "egress.2040698479.self": "true",
                            "egress.2040698479.to_port": "9200",
                            "egress.2541437006.cidr_blocks.#": "1",
                            "egress.2541437006.cidr_blocks.0": "0.0.0.0/0",
                            "egress.2541437006.from_port": "22",
                            "egress.2541437006.prefix_list_ids.#": "0",
                            "egress.2541437006.protocol": "tcp",
                            "egress.2541437006.security_groups.#": "0",
                            "egress.2541437006.self": "false",
                            "egress.2541437006.to_port": "22",
                            "egress.3439231923.cidr_blocks.#": "0",
                            "egress.3439231923.from_port": "0",
                            "egress.3439231923.prefix_list_ids.#": "0",
                            "egress.3439231923.protocol": "-1",
                            "egress.3439231923.security_groups.#": "1",
                            "egress.3439231923.security_groups.2491154989": "sg-cd1c3faa",
                            "egress.3439231923.self": "false",
                            "egress.3439231923.to_port": "0",
                            "id": "sg-cb1c3fac",
                            "ingress.#": "3",
                            "ingress.1214248067.cidr_blocks.#": "0",
                            "ingress.1214248067.from_port": "9200",
                            "ingress.1214248067.protocol": "tcp",
                            "ingress.1214248067.security_groups.#": "1",
                            "ingress.1214248067.security_groups.2491154989": "sg-cd1c3faa",
                            "ingress.1214248067.self": "true",
                            "ingress.1214248067.to_port": "9200",
                            "ingress.1265039627.cidr_blocks.#": "0",
                            "ingress.1265039627.from_port": "9300",
                            "ingress.1265039627.protocol": "tcp",
                            "ingress.1265039627.security_groups.#": "0",
                            "ingress.1265039627.self": "true",
                            "ingress.1265039627.to_port": "9300",
                            "ingress.2541437006.cidr_blocks.#": "1",
                            "ingress.2541437006.cidr_blocks.0": "0.0.0.0/0",
                            "ingress.2541437006.from_port": "22",
                            "ingress.2541437006.protocol": "tcp",
                            "ingress.2541437006.security_groups.#": "0",
                            "ingress.2541437006.self": "false",
                            "ingress.2541437006.to_port": "22",
                            "name": "VPC:SG:EC2:Instances:ElasticaNodes",
                            "owner_id": "547013329349",
                            "tags.%": "0",
                            "vpc_id": "vpc-a66a61c3"
                        }
                    }
                }
            }
        }
    ]
}
