{
    "version": 3,
    "terraform_version": "0.7.0",
    "serial": 37,
    "lineage": "a014c5b3-0c3c-4aca-9c32-579ca771edb2",
    "modules": [
        {
            "path": [
                "root"
            ],
            "outputs": {},
            "resources": {
                "aws_elb.ec2_elb-Elastica": {
                    "type": "aws_elb",
                    "depends_on": [
                        "aws_security_group.sg-ec2-elb-elastica",
                        "aws_security_group.sg-ec2-elb-pubAccess"
                    ],
                    "primary": {
                        "id": "ec2-elb-Elastica",
                        "attributes": {
                            "access_logs.#": "0",
                            "availability_zones.#": "3",
                            "availability_zones.1924028850": "eu-west-1b",
                            "availability_zones.3953592328": "eu-west-1a",
                            "availability_zones.94988580": "eu-west-1c",
                            "connection_draining": "true",
                            "connection_draining_timeout": "300",
                            "cross_zone_load_balancing": "true",
                            "dns_name": "ec2-elb-Elastica-1383836840.eu-west-1.elb.amazonaws.com",
                            "health_check.#": "1",
                            "health_check.0.healthy_threshold": "3",
                            "health_check.0.interval": "5",
                            "health_check.0.target": "HTTP:9200/",
                            "health_check.0.timeout": "2",
                            "health_check.0.unhealthy_threshold": "2",
                            "id": "ec2-elb-Elastica",
                            "idle_timeout": "300",
                            "instances.#": "1",
                            "instances.325013251": "i-0c8aa86e4a9f54e0c",
                            "internal": "false",
                            "listener.#": "1",
                            "listener.1661633718.instance_port": "9200",
                            "listener.1661633718.instance_protocol": "http",
                            "listener.1661633718.lb_port": "9200",
                            "listener.1661633718.lb_protocol": "http",
                            "listener.1661633718.ssl_certificate_id": "",
                            "name": "ec2-elb-Elastica",
                            "security_groups.#": "2",
                            "security_groups.1754757724": "sg-d7eecfb0",
                            "security_groups.42282682": "sg-6ce8c90b",
                            "source_security_group": "547013329349/VPC:SG:EC2:ELB:Elastica",
                            "source_security_group_id": "sg-d7eecfb0",
                            "subnets.#": "3",
                            "subnets.2312776479": "subnet-ae0af8ca",
                            "subnets.3535651253": "subnet-a7061cd0",
                            "subnets.3577792538": "subnet-924371cb",
                            "tags.%": "1",
                            "tags.Name": "ec2-elb-Elastica",
                            "zone_id": "Z32O12XQLNTSW2"
                        }
                    }
                },
                "aws_elb_attachment.elastica-elb_attach-ec2_instace-X": {
                    "type": "aws_elb_attachment",
                    "depends_on": [
                        "aws_elb.ec2_elb-Elastica",
                        "aws_instance.terraform-ec2_instance-X"
                    ],
                    "primary": {
                        "id": "ec2-elb-Elastica-psgyv442fbatrbjtkcrz2573za",
                        "attributes": {
                            "elb": "ec2-elb-Elastica",
                            "id": "ec2-elb-Elastica-psgyv442fbatrbjtkcrz2573za",
                            "instance": "i-0c8aa86e4a9f54e0c"
                        }
                    }
                },
                "aws_instance.terraform-ec2_instance-X": {
                    "type": "aws_instance",
                    "depends_on": [
                        "aws_elb.ec2_elb-Elastica",
                        "aws_key_pair.gfisaris",
                        "aws_security_group.sg-ec2-instances-elastica"
                    ],
                    "primary": {
                        "id": "i-0c8aa86e4a9f54e0c",
                        "attributes": {
                            "ami": "ami-7abd0209",
                            "availability_zone": "eu-west-1a",
                            "disable_api_termination": "false",
                            "ebs_block_device.#": "0",
                            "ebs_optimized": "false",
                            "ephemeral_block_device.#": "0",
                            "iam_instance_profile": "",
                            "id": "i-0c8aa86e4a9f54e0c",
                            "instance_state": "running",
                            "instance_type": "t2.micro",
                            "key_name": "gfisaris",
                            "monitoring": "false",
                            "network_interface_id": "eni-8e655fc3",
                            "private_dns": "ip-172-31-24-128.eu-west-1.compute.internal",
                            "private_ip": "172.31.24.128",
                            "public_dns": "ec2-52-209-120-113.eu-west-1.compute.amazonaws.com",
                            "public_ip": "52.209.120.113",
                            "root_block_device.#": "1",
                            "root_block_device.0.delete_on_termination": "true",
                            "root_block_device.0.iops": "100",
                            "root_block_device.0.volume_size": "10",
                            "root_block_device.0.volume_type": "gp2",
                            "security_groups.#": "0",
                            "source_dest_check": "true",
                            "subnet_id": "subnet-a7061cd0",
                            "tags.%": "1",
                            "tags.Name": "TerraForm Node X",
                            "tenancy": "default",
                            "vpc_security_group_ids.#": "1",
                            "vpc_security_group_ids.3118940542": "sg-d6eecfb1"
                        },
                        "meta": {
                            "schema_version": "1"
                        }
                    }
                },
                "aws_key_pair.gfisaris": {
                    "type": "aws_key_pair",
                    "primary": {
                        "id": "gfisaris",
                        "attributes": {
                            "fingerprint": "f2:a4:7e:87:23:a7:ca:c5:14:01:d5:d8:7d:0e:74:c5",
                            "id": "gfisaris",
                            "key_name": "gfisaris",
                            "public_key": "ssh-rsa AAAAB3NzaC1yc2EAAAADAQABAAABAQDGOSDmseuFpAl9gAxQWgDnVqsDkhWz1CUJOLCLn7JCaUMqv5DTmpy28j7tfVSXwy5nVvLqhWF9almO+7IdQvbjiC165iFgy8dIArheT0pAHuS+RLeKVCZYiR7N6wM1srq5c/8Jj1Ze6BAY4uF18PGUsLsAK67D3Qa7B7QOSu/VGirNmDox0rRw4/orZpph1ZWsQGY60T3WJeWgW/hy+e1XoSk9WkyxyEWg9Hz+PNaBRrzGN7qI8zatq8dmyKZnI85Yy+zsK+ypf/wbC+Yberfo8YGfrY00pHQokpDFkGMYjYRQrAkzVkfeTOYsRHJTHYnUtbDBdfQarABQUfMjJ40F gfisars@gmail.com"
                        },
                        "meta": {
                            "schema_version": "1"
                        }
                    }
                },
                "aws_security_group.sg-ec2-elb-elastica": {
                    "type": "aws_security_group",
                    "primary": {
                        "id": "sg-d7eecfb0",
                        "attributes": {
                            "description": "Security Group attached to Elastica EC2 ELBs",
                            "egress.#": "0",
                            "id": "sg-d7eecfb0",
                            "ingress.#": "0",
                            "name": "VPC:SG:EC2:ELB:Elastica",
                            "owner_id": "547013329349",
                            "tags.%": "0",
                            "vpc_id": "vpc-a66a61c3"
                        }
                    }
                },
                "aws_security_group.sg-ec2-elb-pubAccess": {
                    "type": "aws_security_group",
                    "primary": {
                        "id": "sg-6ce8c90b",
                        "attributes": {
                            "description": "Control Public Access to EC2-ELB",
                            "egress.#": "1",
                            "egress.482069346.cidr_blocks.#": "1",
                            "egress.482069346.cidr_blocks.0": "0.0.0.0/0",
                            "egress.482069346.from_port": "0",
                            "egress.482069346.prefix_list_ids.#": "0",
                            "egress.482069346.protocol": "-1",
                            "egress.482069346.security_groups.#": "0",
                            "egress.482069346.self": "false",
                            "egress.482069346.to_port": "0",
                            "id": "sg-6ce8c90b",
                            "ingress.#": "1",
                            "ingress.482069346.cidr_blocks.#": "1",
                            "ingress.482069346.cidr_blocks.0": "0.0.0.0/0",
                            "ingress.482069346.from_port": "0",
                            "ingress.482069346.protocol": "-1",
                            "ingress.482069346.security_groups.#": "0",
                            "ingress.482069346.self": "false",
                            "ingress.482069346.to_port": "0",
                            "name": "VPC:SG:EC2:ELB:PublicAccess",
                            "owner_id": "547013329349",
                            "tags.%": "0",
                            "vpc_id": "vpc-a66a61c3"
                        }
                    }
                },
                "aws_security_group.sg-ec2-instances-elastica": {
                    "type": "aws_security_group",
                    "depends_on": [
                        "aws_security_group.sg-ec2-elb-elastica"
                    ],
                    "primary": {
                        "id": "sg-d6eecfb1",
                        "attributes": {
                            "description": "Security Group attached to Elastica EC2 Instances",
                            "egress.#": "1",
                            "egress.482069346.cidr_blocks.#": "1",
                            "egress.482069346.cidr_blocks.0": "0.0.0.0/0",
                            "egress.482069346.from_port": "0",
                            "egress.482069346.prefix_list_ids.#": "0",
                            "egress.482069346.protocol": "-1",
                            "egress.482069346.security_groups.#": "0",
                            "egress.482069346.self": "false",
                            "egress.482069346.to_port": "0",
                            "id": "sg-d6eecfb1",
                            "ingress.#": "1",
                            "ingress.1009741871.cidr_blocks.#": "0",
                            "ingress.1009741871.from_port": "9200",
                            "ingress.1009741871.protocol": "tcp",
                            "ingress.1009741871.security_groups.#": "1",
                            "ingress.1009741871.security_groups.1754757724": "sg-d7eecfb0",
                            "ingress.1009741871.self": "false",
                            "ingress.1009741871.to_port": "9200",
                            "name": "VPC:SG:EC2:Instances:ElasticaNodes",
                            "owner_id": "547013329349",
                            "tags.%": "0",
                            "vpc_id": "vpc-a66a61c3"
                        }
                    }
                }
            }
        }
    ]
}
