{
    "version": 3,
    "terraform_version": "0.7.0",
    "serial": 0,
    "lineage": "a014c5b3-0c3c-4aca-9c32-579ca771edb2",
    "modules": [
        {
            "path": [
                "root"
            ],
            "outputs": {},
            "resources": {
                "aws_instance.trfm-instance-X": {
                    "type": "aws_instance",
                    "primary": {
                        "id": "i-0482e5c661336094f",
                        "attributes": {
                            "ami": "ami-7abd0209",
                            "availability_zone": "eu-west-1a",
                            "disable_api_termination": "false",
                            "ebs_block_device.#": "0",
                            "ebs_optimized": "false",
                            "ephemeral_block_device.#": "0",
                            "iam_instance_profile": "",
                            "id": "i-0482e5c661336094f",
                            "instance_state": "running",
                            "instance_type": "t2.micro",
                            "key_name": "",
                            "monitoring": "false",
                            "network_interface_id": "eni-f40a31b9",
                            "private_dns": "ip-172-31-27-136.eu-west-1.compute.internal",
                            "private_ip": "172.31.27.136",
                            "public_dns": "ec2-52-31-221-254.eu-west-1.compute.amazonaws.com",
                            "public_ip": "52.31.221.254",
                            "root_block_device.#": "1",
                            "root_block_device.0.delete_on_termination": "false",
                            "root_block_device.0.iops": "0",
                            "root_block_device.0.volume_size": "8",
                            "root_block_device.0.volume_type": "standard",
                            "security_groups.#": "0",
                            "source_dest_check": "true",
                            "subnet_id": "subnet-a7061cd0",
                            "tags.%": "0",
                            "tenancy": "default",
                            "vpc_security_group_ids.#": "1",
                            "vpc_security_group_ids.1238973515": "sg-f95c529d"
                        },
                        "meta": {
                            "schema_version": "1"
                        }
                    }
                }
            }
        }
    ]
}
