{
    "version": 3,
    "terraform_version": "0.7.0",
    "serial": 4,
    "lineage": "a014c5b3-0c3c-4aca-9c32-579ca771edb2",
    "modules": [
        {
            "path": [
                "root"
            ],
            "outputs": {},
            "resources": {
                "aws_instance.terraform-ec2_instance-X": {
                    "type": "aws_instance",
                    "depends_on": [
                        "aws_key_pair.gfisaris",
                        "aws_security_group.terraform-sg-ec2-pubAccess"
                    ],
                    "primary": {
                        "id": "i-041fe8d1d2ea63312",
                        "attributes": {
                            "ami": "ami-7abd0209",
                            "availability_zone": "eu-west-1a",
                            "disable_api_termination": "false",
                            "ebs_block_device.#": "0",
                            "ebs_optimized": "false",
                            "ephemeral_block_device.#": "0",
                            "iam_instance_profile": "",
                            "id": "i-041fe8d1d2ea63312",
                            "instance_state": "running",
                            "instance_type": "t2.micro",
                            "key_name": "gfisaris",
                            "monitoring": "false",
                            "network_interface_id": "eni-8af3c8c7",
                            "private_dns": "ip-172-31-19-140.eu-west-1.compute.internal",
                            "private_ip": "172.31.19.140",
                            "public_dns": "ec2-52-51-153-208.eu-west-1.compute.amazonaws.com",
                            "public_ip": "52.51.153.208",
                            "root_block_device.#": "1",
                            "root_block_device.0.delete_on_termination": "true",
                            "root_block_device.0.iops": "100",
                            "root_block_device.0.volume_size": "10",
                            "root_block_device.0.volume_type": "gp2",
                            "security_groups.#": "0",
                            "source_dest_check": "true",
                            "subnet_id": "subnet-a7061cd0",
                            "tags.%": "1",
                            "tags.Name": "TerraForm Node X",
                            "tenancy": "default",
                            "vpc_security_group_ids.#": "1",
                            "vpc_security_group_ids.823780288": "sg-950120f2"
                        },
                        "meta": {
                            "schema_version": "1"
                        }
                    }
                },
                "aws_key_pair.gfisaris": {
                    "type": "aws_key_pair",
                    "primary": {
                        "id": "gfisaris",
                        "attributes": {
                            "id": "gfisaris",
                            "key_name": "gfisaris",
                            "public_key": "ssh-rsa AAAAB3NzaC1yc2EAAAADAQABAAABAQDGOSDmseuFpAl9gAxQWgDnVqsDkhWz1CUJOLCLn7JCaUMqv5DTmpy28j7tfVSXwy5nVvLqhWF9almO+7IdQvbjiC165iFgy8dIArheT0pAHuS+RLeKVCZYiR7N6wM1srq5c/8Jj1Ze6BAY4uF18PGUsLsAK67D3Qa7B7QOSu/VGirNmDox0rRw4/orZpph1ZWsQGY60T3WJeWgW/hy+e1XoSk9WkyxyEWg9Hz+PNaBRrzGN7qI8zatq8dmyKZnI85Yy+zsK+ypf/wbC+Yberfo8YGfrY00pHQokpDFkGMYjYRQrAkzVkfeTOYsRHJTHYnUtbDBdfQarABQUfMjJ40F gfisars@gmail.com"
                        },
                        "meta": {
                            "schema_version": "1"
                        }
                    }
                },
                "aws_security_group.terraform-sg-ec2-pubAccess": {
                    "type": "aws_security_group",
                    "primary": {
                        "id": "sg-950120f2",
                        "attributes": {
                            "description": "Control Public Access to Terraform created EC2 Instances",
                            "egress.#": "1",
                            "egress.482069346.cidr_blocks.#": "1",
                            "egress.482069346.cidr_blocks.0": "0.0.0.0/0",
                            "egress.482069346.from_port": "0",
                            "egress.482069346.prefix_list_ids.#": "0",
                            "egress.482069346.protocol": "-1",
                            "egress.482069346.security_groups.#": "0",
                            "egress.482069346.self": "false",
                            "egress.482069346.to_port": "0",
                            "id": "sg-950120f2",
                            "ingress.#": "1",
                            "ingress.482069346.cidr_blocks.#": "1",
                            "ingress.482069346.cidr_blocks.0": "0.0.0.0/0",
                            "ingress.482069346.from_port": "0",
                            "ingress.482069346.protocol": "-1",
                            "ingress.482069346.security_groups.#": "0",
                            "ingress.482069346.self": "false",
                            "ingress.482069346.to_port": "0",
                            "name": "VPC:SG:EC2:PublicAccess",
                            "owner_id": "547013329349",
                            "tags.%": "0",
                            "vpc_id": "vpc-a66a61c3"
                        }
                    }
                }
            }
        }
    ]
}
