{
    "version": 3,
    "terraform_version": "0.7.0",
    "serial": 2,
    "lineage": "a014c5b3-0c3c-4aca-9c32-579ca771edb2",
    "modules": [
        {
            "path": [
                "root"
            ],
            "outputs": {},
            "resources": {
                "aws_instance.terraform-ec2_instance-X": {
                    "type": "aws_instance",
                    "depends_on": [
                        "aws_key_pair.gfisaris"
                    ],
                    "primary": {
                        "id": "i-028cb457276c7b1ae",
                        "attributes": {
                            "ami": "ami-7abd0209",
                            "availability_zone": "eu-west-1a",
                            "disable_api_termination": "false",
                            "ebs_block_device.#": "0",
                            "ebs_optimized": "false",
                            "ephemeral_block_device.#": "0",
                            "iam_instance_profile": "",
                            "id": "i-028cb457276c7b1ae",
                            "instance_state": "running",
                            "instance_type": "t2.micro",
                            "key_name": "gfisaris",
                            "monitoring": "false",
                            "network_interface_id": "eni-18f8c355",
                            "private_dns": "ip-172-31-22-219.eu-west-1.compute.internal",
                            "private_ip": "172.31.22.219",
                            "public_dns": "ec2-52-17-241-74.eu-west-1.compute.amazonaws.com",
                            "public_ip": "52.17.241.74",
                            "root_block_device.#": "1",
                            "root_block_device.0.delete_on_termination": "false",
                            "root_block_device.0.iops": "0",
                            "root_block_device.0.volume_size": "8",
                            "root_block_device.0.volume_type": "standard",
                            "security_groups.#": "0",
                            "source_dest_check": "true",
                            "subnet_id": "subnet-a7061cd0",
                            "tags.%": "1",
                            "tags.Name": "TerraForm Node X",
                            "tenancy": "default",
                            "vpc_security_group_ids.#": "1",
                            "vpc_security_group_ids.1238973515": "sg-f95c529d"
                        },
                        "meta": {
                            "schema_version": "1"
                        }
                    }
                },
                "aws_key_pair.gfisaris": {
                    "type": "aws_key_pair",
                    "primary": {
                        "id": "gfisaris",
                        "attributes": {
                            "id": "gfisaris",
                            "key_name": "gfisaris",
                            "public_key": "ssh-rsa AAAAB3NzaC1yc2EAAAADAQABAAABAQDGOSDmseuFpAl9gAxQWgDnVqsDkhWz1CUJOLCLn7JCaUMqv5DTmpy28j7tfVSXwy5nVvLqhWF9almO+7IdQvbjiC165iFgy8dIArheT0pAHuS+RLeKVCZYiR7N6wM1srq5c/8Jj1Ze6BAY4uF18PGUsLsAK67D3Qa7B7QOSu/VGirNmDox0rRw4/orZpph1ZWsQGY60T3WJeWgW/hy+e1XoSk9WkyxyEWg9Hz+PNaBRrzGN7qI8zatq8dmyKZnI85Yy+zsK+ypf/wbC+Yberfo8YGfrY00pHQokpDFkGMYjYRQrAkzVkfeTOYsRHJTHYnUtbDBdfQarABQUfMjJ40F gfisars@gmail.com"
                        },
                        "meta": {
                            "schema_version": "1"
                        }
                    }
                }
            }
        }
    ]
}
